// !$*UTF8*$!
{
	archiveVersion = 1;
	classes = {
	};
	objectVersion = 50;
	objects = {

/* Begin PBXBuildFile section */
		BC453B3A22DA477500FC00FF /* AppDelegate.swift in Sources */ = {isa = PBXBuildFile; fileRef = BC453B3922DA477500FC00FF /* AppDelegate.swift */; };
		BC453B3C22DA477500FC00FF /* ViewController.swift in Sources */ = {isa = PBXBuildFile; fileRef = BC453B3B22DA477500FC00FF /* ViewController.swift */; };
		BC453B3F22DA477500FC00FF /* Main.storyboard in Resources */ = {isa = PBXBuildFile; fileRef = BC453B3D22DA477500FC00FF /* Main.storyboard */; };
		BC453B4122DA477700FC00FF /* Assets.xcassets in Resources */ = {isa = PBXBuildFile; fileRef = BC453B4022DA477700FC00FF /* Assets.xcassets */; };
		BC453B4422DA477700FC00FF /* LaunchScreen.storyboard in Resources */ = {isa = PBXBuildFile; fileRef = BC453B4222DA477700FC00FF /* LaunchScreen.storyboard */; };
		BC453B4C22DA49C100FC00FF /* StoryboardViewController.swift in Sources */ = {isa = PBXBuildFile; fileRef = BC453B4B22DA49C100FC00FF /* StoryboardViewController.swift */; };
		BC453B4E22DA4A0100FC00FF /* CodeViewController.swift in Sources */ = {isa = PBXBuildFile; fileRef = BC453B4D22DA4A0100FC00FF /* CodeViewController.swift */; };
		BC453B5122DA5CFE00FC00FF /* StoryboardViewController.storyboard in Resources */ = {isa = PBXBuildFile; fileRef = BC453B5322DA5CFE00FC00FF /* StoryboardViewController.storyboard */; };
		BC453B5622DA8E6900FC00FF /* SnapKit.framework in Frameworks */ = {isa = PBXBuildFile; fileRef = BC453B5522DA8E6900FC00FF /* SnapKit.framework */; };
/* End PBXBuildFile section */

/* Begin PBXFileReference section */
		BC453B3622DA477500FC00FF /* NoStory.app */ = {isa = PBXFileReference; explicitFileType = wrapper.application; includeInIndex = 0; path = NoStory.app; sourceTree = BUILT_PRODUCTS_DIR; };
		BC453B3922DA477500FC00FF /* AppDelegate.swift */ = {isa = PBXFileReference; lastKnownFileType = sourcecode.swift; path = AppDelegate.swift; sourceTree = "<group>"; };
		BC453B3B22DA477500FC00FF /* ViewController.swift */ = {isa = PBXFileReference; lastKnownFileType = sourcecode.swift; path = ViewController.swift; sourceTree = "<group>"; };
		BC453B3E22DA477500FC00FF /* Base */ = {isa = PBXFileReference; lastKnownFileType = file.storyboard; name = Base; path = Base.lproj/Main.storyboard; sourceTree = "<group>"; };
		BC453B4022DA477700FC00FF /* Assets.xcassets */ = {isa = PBXFileReference; lastKnownFileType = folder.assetcatalog; path = Assets.xcassets; sourceTree = "<group>"; };
		BC453B4322DA477700FC00FF /* Base */ = {isa = PBXFileReference; lastKnownFileType = file.storyboard; name = Base; path = Base.lproj/LaunchScreen.storyboard; sourceTree = "<group>"; };
		BC453B4522DA477700FC00FF /* Info.plist */ = {isa = PBXFileReference; lastKnownFileType = text.plist.xml; path = Info.plist; sourceTree = "<group>"; };
		BC453B4B22DA49C100FC00FF /* StoryboardViewController.swift */ = {isa = PBXFileReference; lastKnownFileType = sourcecode.swift; path = StoryboardViewController.swift; sourceTree = "<group>"; };
		BC453B4D22DA4A0100FC00FF /* CodeViewController.swift */ = {isa = PBXFileReference; lastKnownFileType = sourcecode.swift; path = CodeViewController.swift; sourceTree = "<group>"; };
		BC453B5222DA5CFE00FC00FF /* Base */ = {isa = PBXFileReference; lastKnownFileType = file.storyboard; name = Base; path = Base.lproj/StoryboardViewController.storyboard; sourceTree = "<group>"; };
		BC453B5522DA8E6900FC00FF /* SnapKit.framework */ = {isa = PBXFileReference; lastKnownFileType = wrapper.framework; name = SnapKit.framework; path = Carthage/Build/iOS/SnapKit.framework; sourceTree = "<group>"; };
/* End PBXFileReference section */

/* Begin PBXFrameworksBuildPhase section */
		BC453B3322DA477500FC00FF /* Frameworks */ = {
			isa = PBXFrameworksBuildPhase;
			buildActionMask = 2147483647;
			files = (
				BC453B5622DA8E6900FC00FF /* SnapKit.framework in Frameworks */,
			);
			runOnlyForDeploymentPostprocessing = 0;
		};
/* End PBXFrameworksBuildPhase section */

/* Begin PBXGroup section */
		BC453B2D22DA477500FC00FF = {
			isa = PBXGroup;
			children = (
				BC453B3822DA477500FC00FF /* NoStory */,
				BC453B3722DA477500FC00FF /* Products */,
				BC453B5422DA8E6900FC00FF /* Frameworks */,
			);
			sourceTree = "<group>";
		};
		BC453B3722DA477500FC00FF /* Products */ = {
			isa = PBXGroup;
			children = (
				BC453B3622DA477500FC00FF /* NoStory.app */,
			);
			name = Products;
			sourceTree = "<group>";
		};
		BC453B3822DA477500FC00FF /* NoStory */ = {
			isa = PBXGroup;
			children = (
				BC453B3922DA477500FC00FF /* AppDelegate.swift */,
				BC453B3B22DA477500FC00FF /* ViewController.swift */,
				BC453B3D22DA477500FC00FF /* Main.storyboard */,
				BC453B4022DA477700FC00FF /* Assets.xcassets */,
				BC453B4222DA477700FC00FF /* LaunchScreen.storyboard */,
				BC453B4522DA477700FC00FF /* Info.plist */,
				BC453B4B22DA49C100FC00FF /* StoryboardViewController.swift */,
				BC453B5322DA5CFE00FC00FF /* StoryboardViewController.storyboard */,
				BC453B4D22DA4A0100FC00FF /* CodeViewController.swift */,
			);
			path = NoStory;
			sourceTree = "<group>";
		};
		BC453B5422DA8E6900FC00FF /* Frameworks */ = {
			isa = PBXGroup;
			children = (
				BC453B5522DA8E6900FC00FF /* SnapKit.framework */,
			);
			name = Frameworks;
			sourceTree = "<group>";
		};
/* End PBXGroup section */

/* Begin PBXNativeTarget section */
		BC453B3522DA477500FC00FF /* NoStory */ = {
			isa = PBXNativeTarget;
			buildConfigurationList = BC453B4822DA477700FC00FF /* Build configuration list for PBXNativeTarget "NoStory" */;
			buildPhases = (
				BC453B3222DA477500FC00FF /* Sources */,
				BC453B3322DA477500FC00FF /* Frameworks */,
				BC453B3422DA477500FC00FF /* Resources */,
				BC453B5722DA8EA900FC00FF /* Carthage */,
			);
			buildRules = (
			);
			dependencies = (
			);
			name = NoStory;
			productName = NoStory;
			productReference = BC453B3622DA477500FC00FF /* NoStory.app */;
			productType = "com.apple.product-type.application";
		};
/* End PBXNativeTarget section */

/* Begin PBXProject section */
		BC453B2E22DA477500FC00FF /* Project object */ = {
			isa = PBXProject;
			attributes = {
				LastSwiftUpdateCheck = 1020;
				LastUpgradeCheck = 1020;
				ORGANIZATIONNAME = "Andrey Yastrebov";
				TargetAttributes = {
					BC453B3522DA477500FC00FF = {
						CreatedOnToolsVersion = 10.2.1;
					};
				};
			};
			buildConfigurationList = BC453B3122DA477500FC00FF /* Build configuration list for PBXProject "NoStory" */;
			compatibilityVersion = "Xcode 9.3";
			developmentRegion = en;
			hasScannedForEncodings = 0;
			knownRegions = (
				en,
				Base,
			);
			mainGroup = BC453B2D22DA477500FC00FF;
			productRefGroup = BC453B3722DA477500FC00FF /* Products */;
			projectDirPath = "";
			projectRoot = "";
			targets = (
				BC453B3522DA477500FC00FF /* NoStory */,
			);
		};
/* End PBXProject section */

/* Begin PBXResourcesBuildPhase section */
		BC453B3422DA477500FC00FF /* Resources */ = {
			isa = PBXResourcesBuildPhase;
			buildActionMask = 2147483647;
			files = (
				BC453B4422DA477700FC00FF /* LaunchScreen.storyboard in Resources */,
				BC453B4122DA477700FC00FF /* Assets.xcassets in Resources */,
				BC453B5122DA5CFE00FC00FF /* StoryboardViewController.storyboard in Resources */,
				BC453B3F22DA477500FC00FF /* Main.storyboard in Resources */,
			);
			runOnlyForDeploymentPostprocessing = 0;
		};
/* End PBXResourcesBuildPhase section */

/* Begin PBXShellScriptBuildPhase section */
		BC453B5722DA8EA900FC00FF /* Carthage */ = {
			isa = PBXShellScriptBuildPhase;
			buildActionMask = 2147483647;
			files = (
			);
			inputFileListPaths = (
			);
			inputPaths = (
				"$(SRCROOT)/Carthage/Build/iOS/SnapKit.framework",
			);
			name = Carthage;
			outputFileListPaths = (
			);
			outputPaths = (
				"$(BUILT_PRODUCTS_DIR)/$(FRAMEWORKS_FOLDER_PATH)/SnapKit.framework",
			);
			runOnlyForDeploymentPostprocessing = 0;
			shellPath = /bin/sh;
			shellScript = "carthage copy-frameworks\n";
		};
/* End PBXShellScriptBuildPhase section */

/* Begin PBXSourcesBuildPhase section */
		BC453B3222DA477500FC00FF /* Sources */ = {
			isa = PBXSourcesBuildPhase;
			buildActionMask = 2147483647;
			files = (
				BC453B3C22DA477500FC00FF /* ViewController.swift in Sources */,
				BC453B4E22DA4A0100FC00FF /* CodeViewController.swift in Sources */,
				BC453B4C22DA49C100FC00FF /* StoryboardViewController.swift in Sources */,
				BC453B3A22DA477500FC00FF /* AppDelegate.swift in Sources */,
			);
			runOnlyForDeploymentPostprocessing = 0;
		};
/* End PBXSourcesBuildPhase section */

/* Begin PBXVariantGroup section */
		BC453B3D22DA477500FC00FF /* Main.storyboard */ = {
			isa = PBXVariantGroup;
			children = (
				BC453B3E22DA477500FC00FF /* Base */,
			);
			name = Main.storyboard;
			sourceTree = "<group>";
		};
		BC453B4222DA477700FC00FF /* LaunchScreen.storyboard */ = {
			isa = PBXVariantGroup;
			children = (
				BC453B4322DA477700FC00FF /* Base */,
			);
			name = LaunchScreen.storyboard;
			sourceTree = "<group>";
		};
		BC453B5322DA5CFE00FC00FF /* StoryboardViewController.storyboard */ = {
			isa = PBXVariantGroup;
			children = (
				BC453B5222DA5CFE00FC00FF /* Base */,
			);
			name = StoryboardViewController.storyboard;
			sourceTree = "<group>";
		};
/* End PBXVariantGroup section */

/* Begin XCBuildConfiguration section */
		BC453B4622DA477700FC00FF /* Debug */ = {
			isa = XCBuildConfiguration;
			buildSettings = {
				ALWAYS_SEARCH_USER_PATHS = NO;
				CLANG_ANALYZER_NONNULL = YES;
				CLANG_ANALYZER_NUMBER_OBJECT_CONVERSION = YES_AGGRESSIVE;
				CLANG_CXX_LANGUAGE_STANDARD = "gnu++14";
				CLANG_CXX_LIBRARY = "libc++";
				CLANG_ENABLE_MODULES = YES;
				CLANG_ENABLE_OBJC_ARC = YES;
				CLANG_ENABLE_OBJC_WEAK = YES;
				CLANG_WARN_BLOCK_CAPTURE_AUTORELEASING = YES;
				CLANG_WARN_BOOL_CONVERSION = YES;
				CLANG_WARN_COMMA = YES;
				CLANG_WARN_CONSTANT_CONVERSION = YES;
				CLANG_WARN_DEPRECATED_OBJC_IMPLEMENTATIONS = YES;
				CLANG_WARN_DIRECT_OBJC_ISA_USAGE = YES_ERROR;
				CLANG_WARN_DOCUMENTATION_COMMENTS = YES;
				CLANG_WARN_EMPTY_BODY = YES;
				CLANG_WARN_ENUM_CONVERSION = YES;
				CLANG_WARN_INFINITE_RECURSION = YES;
				CLANG_WARN_INT_CONVERSION = YES;
				CLANG_WARN_NON_LITERAL_NULL_CONVERSION = YES;
				CLANG_WARN_OBJC_IMPLICIT_RETAIN_SELF = YES;
				CLANG_WARN_OBJC_LITERAL_CONVERSION = YES;
				CLANG_WARN_OBJC_ROOT_CLASS = YES_ERROR;
				CLANG_WARN_RANGE_LOOP_ANALYSIS = YES;
				CLANG_WARN_STRICT_PROTOTYPES = YES;
				CLANG_WARN_SUSPICIOUS_MOVE = YES;
				CLANG_WARN_UNGUARDED_AVAILABILITY = YES_AGGRESSIVE;
				CLANG_WARN_UNREACHABLE_CODE = YES;
				CLANG_WARN__DUPLICATE_METHOD_MATCH = YES;
				CODE_SIGN_IDENTITY = "iPhone Developer";
				COPY_PHASE_STRIP = NO;
				DEBUG_INFORMATION_FORMAT = dwarf;
				ENABLE_STRICT_OBJC_MSGSEND = YES;
				ENABLE_TESTABILITY = YES;
				GCC_C_LANGUAGE_STANDARD = gnu11;
				GCC_DYNAMIC_NO_PIC = NO;
				GCC_NO_COMMON_BLOCKS = YES;
				GCC_OPTIMIZATION_LEVEL = 0;
				GCC_PREPROCESSOR_DEFINITIONS = (
					"DEBUG=1",
					"$(inherited)",
				);
				GCC_WARN_64_TO_32_BIT_CONVERSION = YES;
				GCC_WARN_ABOUT_RETURN_TYPE = YES_ERROR;
				GCC_WARN_UNDECLARED_SELECTOR = YES;
				GCC_WARN_UNINITIALIZED_AUTOS = YES_AGGRESSIVE;
				GCC_WARN_UNUSED_FUNCTION = YES;
				GCC_WARN_UNUSED_VARIABLE = YES;
				IPHONEOS_DEPLOYMENT_TARGET = 12.2;
				MTL_ENABLE_DEBUG_INFO = INCLUDE_SOURCE;
				MTL_FAST_MATH = YES;
				ONLY_ACTIVE_ARCH = YES;
				SDKROOT = iphoneos;
				SWIFT_ACTIVE_COMPILATION_CONDITIONS = DEBUG;
				SWIFT_OPTIMIZATION_LEVEL = "-Onone";
			};
			name = Debug;
		};
		BC453B4722DA477700FC00FF /* Release */ = {
			isa = XCBuildConfiguration;
			buildSettings = {
				ALWAYS_SEARCH_USER_PATHS = NO;
				CLANG_ANALYZER_NONNULL = YES;
				CLANG_ANALYZER_NUMBER_OBJECT_CONVERSION = YES_AGGRESSIVE;
				CLANG_CXX_LANGUAGE_STANDARD = "gnu++14";
				CLANG_CXX_LIBRARY = "libc++";
				CLANG_ENABLE_MODULES = YES;
				CLANG_ENABLE_OBJC_ARC = YES;
				CLANG_ENABLE_OBJC_WEAK = YES;
				CLANG_WARN_BLOCK_CAPTURE_AUTORELEASING = YES;
				CLANG_WARN_BOOL_CONVERSION = YES;
				CLANG_WARN_COMMA = YES;
				CLANG_WARN_CONSTANT_CONVERSION = YES;
				CLANG_WARN_DEPRECATED_OBJC_IMPLEMENTATIONS = YES;
				CLANG_WARN_DIRECT_OBJC_ISA_USAGE = YES_ERROR;
				CLANG_WARN_DOCUMENTATION_COMMENTS = YES;
				CLANG_WARN_EMPTY_BODY = YES;
				CLANG_WARN_ENUM_CONVERSION = YES;
				CLANG_WARN_INFINITE_RECURSION = YES;
				CLANG_WARN_INT_CONVERSION = YES;
				CLANG_WARN_NON_LITERAL_NULL_CONVERSION = YES;
				CLANG_WARN_OBJC_IMPLICIT_RETAIN_SELF = YES;
				CLANG_WARN_OBJC_LITERAL_CONVERSION = YES;
				CLANG_WARN_OBJC_ROOT_CLASS = YES_ERROR;
				CLANG_WARN_RANGE_LOOP_ANALYSIS = YES;
				CLANG_WARN_STRICT_PROTOTYPES = YES;
				CLANG_WARN_SUSPICIOUS_MOVE = YES;
				CLANG_WARN_UNGUARDED_AVAILABILITY = YES_AGGRESSIVE;
				CLANG_WARN_UNREACHABLE_CODE = YES;
				CLANG_WARN__DUPLICATE_METHOD_MATCH = YES;
				CODE_SIGN_IDENTITY = "iPhone Developer";
				COPY_PHASE_STRIP = NO;
				DEBUG_INFORMATION_FORMAT = "dwarf-with-dsym";
				ENABLE_NS_ASSERTIONS = NO;
				ENABLE_STRICT_OBJC_MSGSEND = YES;
				GCC_C_LANGUAGE_STANDARD = gnu11;
				GCC_NO_COMMON_BLOCKS = YES;
				GCC_WARN_64_TO_32_BIT_CONVERSION = YES;
				GCC_WARN_ABOUT_RETURN_TYPE = YES_ERROR;
				GCC_WARN_UNDECLARED_SELECTOR = YES;
				GCC_WARN_UNINITIALIZED_AUTOS = YES_AGGRESSIVE;
				GCC_WARN_UNUSED_FUNCTION = YES;
				GCC_WARN_UNUSED_VARIABLE = YES;
				IPHONEOS_DEPLOYMENT_TARGET = 12.2;
				MTL_ENABLE_DEBUG_INFO = NO;
				MTL_FAST_MATH = YES;
				SDKROOT = iphoneos;
				SWIFT_COMPILATION_MODE = wholemodule;
				SWIFT_OPTIMIZATION_LEVEL = "-O";
				VALIDATE_PRODUCT = YES;
			};
			name = Release;
		};
		BC453B4922DA477700FC00FF /* Debug */ = {
			isa = XCBuildConfiguration;
			buildSettings = {
				ASSETCATALOG_COMPILER_APPICON_NAME = AppIcon;
				CODE_SIGN_STYLE = Automatic;
				DEVELOPMENT_TEAM = 23A2Q82NUZ;
				FRAMEWORK_SEARCH_PATHS = (
					"$(inherited)",
					"$(PROJECT_DIR)/Carthage/Build/iOS",
				);
				INFOPLIST_FILE = NoStory/Info.plist;
				LD_RUNPATH_SEARCH_PATHS = (
					"$(inherited)",
					"@executable_path/Frameworks",
				);
				PRODUCT_BUNDLE_IDENTIFIER = com.ayastrebov.NoStory;
				PRODUCT_NAME = "$(TARGET_NAME)";
				SWIFT_VERSION = 5.0;
				TARGETED_DEVICE_FAMILY = "1,2";
			};
			name = Debug;
		};
		BC453B4A22DA477700FC00FF /* Release */ = {
			isa = XCBuildConfiguration;
			buildSettings = {
				ASSETCATALOG_COMPILER_APPICON_NAME = AppIcon;
				CODE_SIGN_STYLE = Automatic;
				DEVELOPMENT_TEAM = 23A2Q82NUZ;
				FRAMEWORK_SEARCH_PATHS = (
					"$(inherited)",
					"$(PROJECT_DIR)/Carthage/Build/iOS",
				);
				INFOPLIST_FILE = NoStory/Info.plist;
				LD_RUNPATH_SEARCH_PATHS = (
					"$(inherited)",
					"@executable_path/Frameworks",
				);
				PRODUCT_BUNDLE_IDENTIFIER = com.ayastrebov.NoStory;
				PRODUCT_NAME = "$(TARGET_NAME)";
				SWIFT_VERSION = 5.0;
				TARGETED_DEVICE_FAMILY = "1,2";
			};
			name = Release;
		};
/* End XCBuildConfiguration section */

/* Begin XCConfigurationList section */
		BC453B3122DA477500FC00FF /* Build configuration list for PBXProject "NoStory" */ = {
			isa = XCConfigurationList;
			buildConfigurations = (
				BC453B4622DA477700FC00FF /* Debug */,
				BC453B4722DA477700FC00FF /* Release */,
			);
			defaultConfigurationIsVisible = 0;
			defaultConfigurationName = Release;
		};
		BC453B4822DA477700FC00FF /* Build configuration list for PBXNativeTarget "NoStory" */ = {
			isa = XCConfigurationList;
			buildConfigurations = (
				BC453B4922DA477700FC00FF /* Debug */,
				BC453B4A22DA477700FC00FF /* Release */,
			);
			defaultConfigurationIsVisible = 0;
			defaultConfigurationName = Release;
		};
/* End XCConfigurationList section */
	};
	rootObject = BC453B2E22DA477500FC00FF /* Project object */;
}
